
Microsoft Visual Studio Solution File, Format Version 12.00
# Visual Studio 2013
VisualStudioVersion = 12.0.21005.1
MinimumVisualStudioVersion = 10.0.40219.1
Project("{FAE04EC0-301F-11D3-BF4B-00C04F79EFBC}") = "KenKenWebapp.Tests", "KenKenWebapp.Tests\KenKenWebapp.Tests.csproj", "{0BF639D9-15FE-473B-85FA-E44189100AC5}"
EndProject
Project("{FAE04EC0-301F-11D3-BF4B-00C04F79EFBC}") = "Domain", "Domain\Domain.csproj", "{6FFD1004-75EF-4DB7-A65D-1EFE11F8163A}"
EndProject
Project("{FAE04EC0-301F-11D3-BF4B-00C04F79EFBC}") = "KenKenBuilder", "KenKenBuilder\KenKenBuilder.csproj", "{13AE6EFA-F00C-446B-AD0E-357A23669D38}"
EndProject
Project("{FAE04EC0-301F-11D3-BF4B-00C04F79EFBC}") = "KenKenWebapp", "KenKenWebapp\KenKenWebapp.csproj", "{46FC01B7-90E6-4D83-BF32-C211A2A51E2D}"
EndProject
Project("{FAE04EC0-301F-11D3-BF4B-00C04F79EFBC}") = "KenKenValidationTests", "KenKenValidationTests\KenKenValidationTests.csproj", "{FEBADE86-2426-45F1-9D02-53ABBCE291AF}"
EndProject
Project("{FAE04EC0-301F-11D3-BF4B-00C04F79EFBC}") = "PuzzleValidator", "PuzzleValidator\PuzzleValidator.csproj", "{858041A7-F791-4EC3-873D-D6A1E73B0BED}"
EndProject
Global
	GlobalSection(SolutionConfigurationPlatforms) = preSolution
		Debug|Any CPU = Debug|Any CPU
		Release|Any CPU = Release|Any CPU
	EndGlobalSection
	GlobalSection(ProjectConfigurationPlatforms) = postSolution
		{0BF639D9-15FE-473B-85FA-E44189100AC5}.Debug|Any CPU.ActiveCfg = Debug|Any CPU
		{0BF639D9-15FE-473B-85FA-E44189100AC5}.Debug|Any CPU.Build.0 = Debug|Any CPU
		{0BF639D9-15FE-473B-85FA-E44189100AC5}.Release|Any CPU.ActiveCfg = Release|Any CPU
		{0BF639D9-15FE-473B-85FA-E44189100AC5}.Release|Any CPU.Build.0 = Release|Any CPU
		{6FFD1004-75EF-4DB7-A65D-1EFE11F8163A}.Debug|Any CPU.ActiveCfg = Debug|Any CPU
		{6FFD1004-75EF-4DB7-A65D-1EFE11F8163A}.Debug|Any CPU.Build.0 = Debug|Any CPU
		{6FFD1004-75EF-4DB7-A65D-1EFE11F8163A}.Release|Any CPU.ActiveCfg = Release|Any CPU
		{6FFD1004-75EF-4DB7-A65D-1EFE11F8163A}.Release|Any CPU.Build.0 = Release|Any CPU
		{13AE6EFA-F00C-446B-AD0E-357A23669D38}.Debug|Any CPU.ActiveCfg = Debug|Any CPU
		{13AE6EFA-F00C-446B-AD0E-357A23669D38}.Debug|Any CPU.Build.0 = Debug|Any CPU
		{13AE6EFA-F00C-446B-AD0E-357A23669D38}.Release|Any CPU.ActiveCfg = Release|Any CPU
		{13AE6EFA-F00C-446B-AD0E-357A23669D38}.Release|Any CPU.Build.0 = Release|Any CPU
		{46FC01B7-90E6-4D83-BF32-C211A2A51E2D}.Debug|Any CPU.ActiveCfg = Debug|Any CPU
		{46FC01B7-90E6-4D83-BF32-C211A2A51E2D}.Debug|Any CPU.Build.0 = Debug|Any CPU
		{46FC01B7-90E6-4D83-BF32-C211A2A51E2D}.Release|Any CPU.ActiveCfg = Release|Any CPU
		{46FC01B7-90E6-4D83-BF32-C211A2A51E2D}.Release|Any CPU.Build.0 = Release|Any CPU
		{FEBADE86-2426-45F1-9D02-53ABBCE291AF}.Debug|Any CPU.ActiveCfg = Debug|Any CPU
		{FEBADE86-2426-45F1-9D02-53ABBCE291AF}.Debug|Any CPU.Build.0 = Debug|Any CPU
		{FEBADE86-2426-45F1-9D02-53ABBCE291AF}.Release|Any CPU.ActiveCfg = Release|Any CPU
		{FEBADE86-2426-45F1-9D02-53ABBCE291AF}.Release|Any CPU.Build.0 = Release|Any CPU
		{858041A7-F791-4EC3-873D-D6A1E73B0BED}.Debug|Any CPU.ActiveCfg = Debug|Any CPU
		{858041A7-F791-4EC3-873D-D6A1E73B0BED}.Debug|Any CPU.Build.0 = Debug|Any CPU
		{858041A7-F791-4EC3-873D-D6A1E73B0BED}.Release|Any CPU.ActiveCfg = Release|Any CPU
		{858041A7-F791-4EC3-873D-D6A1E73B0BED}.Release|Any CPU.Build.0 = Release|Any CPU
	EndGlobalSection
	GlobalSection(SolutionProperties) = preSolution
		HideSolutionNode = FALSE
	EndGlobalSection
EndGlobal
